
Microsoft Visual Studio Solution File, Format Version 12.00
Project("{FAE04EC0-301F-11D3-BF4B-00C04F79EFBC}") = "Gotho.BlazorPdf", "Gotho.BlazorPdf\Gotho.BlazorPdf.csproj", "{D212443C-E455-431B-A259-9B48C2CE23A4}"
EndProject
Project("{FAE04EC0-301F-11D3-BF4B-00C04F79EFBC}") = "Gotho.BlazorPdf.Docs", "Gotho.BlazorPdf.Docs\Gotho.BlazorPdf.Docs.csproj", "{871A6502-3876-4B73-B072-60711EAD525D}"
EndProject
Project("{2150E333-8FDC-42A3-9474-1A3956D46DE8}") = "Docs", "Docs", "{66B7FF4B-BF29-4B24-87FE-788A1A5BA591}"
EndProject
Project("{FAE04EC0-301F-11D3-BF4B-00C04F79EFBC}") = "Gotho.BlazorPdf.MudBlazor", "Gotho.BlazorPdf.MudBlazor\Gotho.BlazorPdf.MudBlazor.csproj", "{A80E10B5-F132-43FA-BE76-CB250FCE592A}"
EndProject
Global
	GlobalSection(SolutionConfigurationPlatforms) = preSolution
		Debug|Any CPU = Debug|Any CPU
		Release|Any CPU = Release|Any CPU
	EndGlobalSection
	GlobalSection(ProjectConfigurationPlatforms) = postSolution
		{D212443C-E455-431B-A259-9B48C2CE23A4}.Debug|Any CPU.ActiveCfg = Debug|Any CPU
		{D212443C-E455-431B-A259-9B48C2CE23A4}.Debug|Any CPU.Build.0 = Debug|Any CPU
		{D212443C-E455-431B-A259-9B48C2CE23A4}.Release|Any CPU.ActiveCfg = Release|Any CPU
		{D212443C-E455-431B-A259-9B48C2CE23A4}.Release|Any CPU.Build.0 = Release|Any CPU
		{871A6502-3876-4B73-B072-60711EAD525D}.Debug|Any CPU.ActiveCfg = Debug|Any CPU
		{871A6502-3876-4B73-B072-60711EAD525D}.Debug|Any CPU.Build.0 = Debug|Any CPU
		{871A6502-3876-4B73-B072-60711EAD525D}.Release|Any CPU.ActiveCfg = Release|Any CPU
		{871A6502-3876-4B73-B072-60711EAD525D}.Release|Any CPU.Build.0 = Release|Any CPU
		{A80E10B5-F132-43FA-BE76-CB250FCE592A}.Debug|Any CPU.ActiveCfg = Debug|Any CPU
		{A80E10B5-F132-43FA-BE76-CB250FCE592A}.Debug|Any CPU.Build.0 = Debug|Any CPU
		{A80E10B5-F132-43FA-BE76-CB250FCE592A}.Release|Any CPU.ActiveCfg = Release|Any CPU
		{A80E10B5-F132-43FA-BE76-CB250FCE592A}.Release|Any CPU.Build.0 = Release|Any CPU
	EndGlobalSection
	GlobalSection(NestedProjects) = preSolution
		{871A6502-3876-4B73-B072-60711EAD525D} = {66B7FF4B-BF29-4B24-87FE-788A1A5BA591}
	EndGlobalSection
EndGlobal
